
Microsoft Visual Studio Solution File, Format Version 12.00
# Visual Studio Version 17
VisualStudioVersion = 17.5.33516.290
MinimumVisualStudioVersion = 10.0.40219.1
Project("{FAE04EC0-301F-11D3-BF4B-00C04F79EFBC}") = "CurrencyConverter", "CurrencyConverter\CurrencyConverter.csproj", "{83FD781F-7986-4793-A149-4C6C7A8226DF}"
EndProject
Global
	GlobalSection(SolutionConfigurationPlatforms) = preSolution
		Debug|Any CPU = Debug|Any CPU
		Release|Any CPU = Release|Any CPU
	EndGlobalSection
	GlobalSection(ProjectConfigurationPlatforms) = postSolution
		{83FD781F-7986-4793-A149-4C6C7A8226DF}.Debug|Any CPU.ActiveCfg = Debug|Any CPU
		{83FD781F-7986-4793-A149-4C6C7A8226DF}.Debug|Any CPU.Build.0 = Debug|Any CPU
		{83FD781F-7986-4793-A149-4C6C7A8226DF}.Release|Any CPU.ActiveCfg = Release|Any CPU
		{83FD781F-7986-4793-A149-4C6C7A8226DF}.Release|Any CPU.Build.0 = Release|Any CPU
	EndGlobalSection
	GlobalSection(SolutionProperties) = preSolution
		HideSolutionNode = FALSE
	EndGlobalSection
	GlobalSection(ExtensibilityGlobals) = postSolution
		SolutionGuid = {8AC0296C-F13E-49EF-920B-2A1E7F3105D5}
	EndGlobalSection
EndGlobal
